{
  "name": "utbk-unib-map",
  "lockfileVersion": 3,
  "requires": true,
  "packages": {
    "": {
      "dependencies": {
        "leaflet-compass": "^1.5.6"
      }
    },
    "node_modules/leaflet": {
      "version": "1.9.4",
      "resolved": "https://registry.npmjs.org/leaflet/-/leaflet-1.9.4.tgz",
      "integrity": "sha512-nxS1ynzJOmOlHp+iL3FyWqK89GtNL8U8rvlMOsQdTTssxZwCXh8N2NB3GDQOL+YR3XnWyZAxwQixURb+FA74PA==",
      "license": "BSD-2-Clause"
    },
    "node_modules/leaflet-compass": {
      "version": "1.5.6",
      "resolved": "https://registry.npmjs.org/leaflet-compass/-/leaflet-compass-1.5.6.tgz",
      "integrity": "sha512-Ix3p8/8D5tgNzz3Sp7hxQbMi8sG7Od5kb4qN+Encv4jLxht66mcMM3W7Nqo/1R7r/cESX3s0WyxQk4cIjL+w+Q==",
      "license": "MIT",
      "dependencies": {
        "leaflet": "*"
      }
    }
  }
}
